
Microsoft Visual Studio Solution File, Format Version 12.00
Project("{FAE04EC0-301F-11D3-BF4B-00C04F79EFBC}") = "Markdown", "Markdown\Markdown.csproj", "{FFFF92C7-2AAF-43BE-B690-94D0E1E2D729}"
EndProject
Project("{FAE04EC0-301F-11D3-BF4B-00C04F79EFBC}") = "MarkdownTest", "MarkdownTest\MarkdownTest.csproj", "{E9D25963-E4C2-4C44-B0D3-21EBA28D04BC}"
EndProject
Global
	GlobalSection(SolutionConfigurationPlatforms) = preSolution
		Debug|Any CPU = Debug|Any CPU
		Release|Any CPU = Release|Any CPU
	EndGlobalSection
	GlobalSection(ProjectConfigurationPlatforms) = postSolution
		{FFFF92C7-2AAF-43BE-B690-94D0E1E2D729}.Debug|Any CPU.ActiveCfg = Debug|Any CPU
		{FFFF92C7-2AAF-43BE-B690-94D0E1E2D729}.Debug|Any CPU.Build.0 = Debug|Any CPU
		{FFFF92C7-2AAF-43BE-B690-94D0E1E2D729}.Release|Any CPU.ActiveCfg = Release|Any CPU
		{FFFF92C7-2AAF-43BE-B690-94D0E1E2D729}.Release|Any CPU.Build.0 = Release|Any CPU
		{E9D25963-E4C2-4C44-B0D3-21EBA28D04BC}.Debug|Any CPU.ActiveCfg = Debug|Any CPU
		{E9D25963-E4C2-4C44-B0D3-21EBA28D04BC}.Debug|Any CPU.Build.0 = Debug|Any CPU
		{E9D25963-E4C2-4C44-B0D3-21EBA28D04BC}.Release|Any CPU.ActiveCfg = Release|Any CPU
		{E9D25963-E4C2-4C44-B0D3-21EBA28D04BC}.Release|Any CPU.Build.0 = Release|Any CPU
	EndGlobalSection
EndGlobal
